// !$*UTF8*$!
{
	archiveVersion = 1;
	classes = {
	};
	objectVersion = 50;
	objects = {

/* Begin PBXBuildFile section */
		866409B42200A83F00EBDCAD /* AppDelegate.swift in Sources */ = {isa = PBXBuildFile; fileRef = 866409B32200A83F00EBDCAD /* AppDelegate.swift */; };
		866409B62200A83F00EBDCAD /* MealViewController.swift in Sources */ = {isa = PBXBuildFile; fileRef = 866409B52200A83F00EBDCAD /* MealViewController.swift */; };
		866409B92200A83F00EBDCAD /* Main.storyboard in Resources */ = {isa = PBXBuildFile; fileRef = 866409B72200A83F00EBDCAD /* Main.storyboard */; };
		866409BE2200A84100EBDCAD /* LaunchScreen.storyboard in Resources */ = {isa = PBXBuildFile; fileRef = 866409BC2200A84100EBDCAD /* LaunchScreen.storyboard */; };
		866409C92200A84100EBDCAD /* FoodTrackerTests.swift in Sources */ = {isa = PBXBuildFile; fileRef = 866409C82200A84100EBDCAD /* FoodTrackerTests.swift */; };
		86A1A24922032A11009DAEF7 /* Meal.swift in Sources */ = {isa = PBXBuildFile; fileRef = 86A1A24822032A11009DAEF7 /* Meal.swift */; };
		86A1A24A22032C9A009DAEF7 /* Meal.swift in Sources */ = {isa = PBXBuildFile; fileRef = 86A1A24822032A11009DAEF7 /* Meal.swift */; };
		86A1A24C22033B60009DAEF7 /* MealTableViewCell.swift in Sources */ = {isa = PBXBuildFile; fileRef = 86A1A24B22033B60009DAEF7 /* MealTableViewCell.swift */; };
		86D935FC2202220300FB2344 /* RatingControl.swift in Sources */ = {isa = PBXBuildFile; fileRef = 86D935FB2202220300FB2344 /* RatingControl.swift */; };
		86FD9083221329A500BE0E72 /* Assets.xcassets in Resources */ = {isa = PBXBuildFile; fileRef = 86FD9082221329A500BE0E72 /* Assets.xcassets */; };
		86FD908622132C1200BE0E72 /* MealTableViewController.swift in Sources */ = {isa = PBXBuildFile; fileRef = 86FD908422132C1200BE0E72 /* MealTableViewController.swift */; };
		86FD908722132C1200BE0E72 /* MealTableViewController.xib in Resources */ = {isa = PBXBuildFile; fileRef = 86FD908522132C1200BE0E72 /* MealTableViewController.xib */; };
/* End PBXBuildFile section */

/* Begin PBXContainerItemProxy section */
		866409C52200A84100EBDCAD /* PBXContainerItemProxy */ = {
			isa = PBXContainerItemProxy;
			containerPortal = 866409A82200A83F00EBDCAD /* Project object */;
			proxyType = 1;
			remoteGlobalIDString = 866409AF2200A83F00EBDCAD;
			remoteInfo = FoodTracker;
		};
/* End PBXContainerItemProxy section */

/* Begin PBXFileReference section */
		866409B02200A83F00EBDCAD /* FoodTracker.app */ = {isa = PBXFileReference; explicitFileType = wrapper.application; includeInIndex = 0; path = FoodTracker.app; sourceTree = BUILT_PRODUCTS_DIR; };
		866409B32200A83F00EBDCAD /* AppDelegate.swift */ = {isa = PBXFileReference; lastKnownFileType = sourcecode.swift; path = AppDelegate.swift; sourceTree = "<group>"; };
		866409B52200A83F00EBDCAD /* MealViewController.swift */ = {isa = PBXFileReference; lastKnownFileType = sourcecode.swift; path = MealViewController.swift; sourceTree = "<group>"; };
		866409B82200A83F00EBDCAD /* Base */ = {isa = PBXFileReference; lastKnownFileType = file.storyboard; name = Base; path = Base.lproj/Main.storyboard; sourceTree = "<group>"; };
		866409BD2200A84100EBDCAD /* Base */ = {isa = PBXFileReference; lastKnownFileType = file.storyboard; name = Base; path = Base.lproj/LaunchScreen.storyboard; sourceTree = "<group>"; };
		866409BF2200A84100EBDCAD /* Info.plist */ = {isa = PBXFileReference; lastKnownFileType = text.plist.xml; path = Info.plist; sourceTree = "<group>"; };
		866409C42200A84100EBDCAD /* FoodTrackerTests.xctest */ = {isa = PBXFileReference; explicitFileType = wrapper.cfbundle; includeInIndex = 0; path = FoodTrackerTests.xctest; sourceTree = BUILT_PRODUCTS_DIR; };
		866409C82200A84100EBDCAD /* FoodTrackerTests.swift */ = {isa = PBXFileReference; lastKnownFileType = sourcecode.swift; path = FoodTrackerTests.swift; sourceTree = "<group>"; };
		866409CA2200A84100EBDCAD /* Info.plist */ = {isa = PBXFileReference; lastKnownFileType = text.plist.xml; path = Info.plist; sourceTree = "<group>"; };
		86A1A24822032A11009DAEF7 /* Meal.swift */ = {isa = PBXFileReference; lastKnownFileType = sourcecode.swift; path = Meal.swift; sourceTree = "<group>"; };
		86A1A24B22033B60009DAEF7 /* MealTableViewCell.swift */ = {isa = PBXFileReference; lastKnownFileType = sourcecode.swift; path = MealTableViewCell.swift; sourceTree = "<group>"; };
		86D935FB2202220300FB2344 /* RatingControl.swift */ = {isa = PBXFileReference; lastKnownFileType = sourcecode.swift; path = RatingControl.swift; sourceTree = "<group>"; };
		86FD9082221329A500BE0E72 /* Assets.xcassets */ = {isa = PBXFileReference; lastKnownFileType = folder.assetcatalog; path = Assets.xcassets; sourceTree = "<group>"; };
		86FD908422132C1200BE0E72 /* MealTableViewController.swift */ = {isa = PBXFileReference; lastKnownFileType = sourcecode.swift; path = MealTableViewController.swift; sourceTree = "<group>"; };
		86FD908522132C1200BE0E72 /* MealTableViewController.xib */ = {isa = PBXFileReference; lastKnownFileType = file.xib; path = MealTableViewController.xib; sourceTree = "<group>"; };
/* End PBXFileReference section */

/* Begin PBXFrameworksBuildPhase section */
		866409AD2200A83F00EBDCAD /* Frameworks */ = {
			isa = PBXFrameworksBuildPhase;
			buildActionMask = 2147483647;
			files = (
			);
			runOnlyForDeploymentPostprocessing = 0;
		};
		866409C12200A84100EBDCAD /* Frameworks */ = {
			isa = PBXFrameworksBuildPhase;
			buildActionMask = 2147483647;
			files = (
			);
			runOnlyForDeploymentPostprocessing = 0;
		};
/* End PBXFrameworksBuildPhase section */

/* Begin PBXGroup section */
		866409A72200A83F00EBDCAD = {
			isa = PBXGroup;
			children = (
				866409B22200A83F00EBDCAD /* FoodTracker */,
				866409C72200A84100EBDCAD /* FoodTrackerTests */,
				866409B12200A83F00EBDCAD /* Products */,
			);
			sourceTree = "<group>";
		};
		866409B12200A83F00EBDCAD /* Products */ = {
			isa = PBXGroup;
			children = (
				866409B02200A83F00EBDCAD /* FoodTracker.app */,
				866409C42200A84100EBDCAD /* FoodTrackerTests.xctest */,
			);
			name = Products;
			sourceTree = "<group>";
		};
		866409B22200A83F00EBDCAD /* FoodTracker */ = {
			isa = PBXGroup;
			children = (
				86FD9082221329A500BE0E72 /* Assets.xcassets */,
				866409B32200A83F00EBDCAD /* AppDelegate.swift */,
				86A1A24B22033B60009DAEF7 /* MealTableViewCell.swift */,
				866409B52200A83F00EBDCAD /* MealViewController.swift */,
				86A1A24822032A11009DAEF7 /* Meal.swift */,
				86D935FB2202220300FB2344 /* RatingControl.swift */,
				86FD908422132C1200BE0E72 /* MealTableViewController.swift */,
				86FD908522132C1200BE0E72 /* MealTableViewController.xib */,
				866409BC2200A84100EBDCAD /* LaunchScreen.storyboard */,
				866409B72200A83F00EBDCAD /* Main.storyboard */,
				866409BF2200A84100EBDCAD /* Info.plist */,
			);
			path = FoodTracker;
			sourceTree = "<group>";
		};
		866409C72200A84100EBDCAD /* FoodTrackerTests */ = {
			isa = PBXGroup;
			children = (
				866409C82200A84100EBDCAD /* FoodTrackerTests.swift */,
				866409CA2200A84100EBDCAD /* Info.plist */,
			);
			path = FoodTrackerTests;
			sourceTree = "<group>";
		};
/* End PBXGroup section */

/* Begin PBXNativeTarget section */
		866409AF2200A83F00EBDCAD /* FoodTracker */ = {
			isa = PBXNativeTarget;
			buildConfigurationList = 866409CD2200A84100EBDCAD /* Build configuration list for PBXNativeTarget "FoodTracker" */;
			buildPhases = (
				866409AC2200A83F00EBDCAD /* Sources */,
				866409AD2200A83F00EBDCAD /* Frameworks */,
				866409AE2200A83F00EBDCAD /* Resources */,
			);
			buildRules = (
			);
			dependencies = (
			);
			name = FoodTracker;
			productName = FoodTracker;
			productReference = 866409B02200A83F00EBDCAD /* FoodTracker.app */;
			productType = "com.apple.product-type.application";
		};
		866409C32200A84100EBDCAD /* FoodTrackerTests */ = {
			isa = PBXNativeTarget;
			buildConfigurationList = 866409D02200A84100EBDCAD /* Build configuration list for PBXNativeTarget "FoodTrackerTests" */;
			buildPhases = (
				866409C02200A84100EBDCAD /* Sources */,
				866409C12200A84100EBDCAD /* Frameworks */,
				866409C22200A84100EBDCAD /* Resources */,
			);
			buildRules = (
			);
			dependencies = (
				866409C62200A84100EBDCAD /* PBXTargetDependency */,
			);
			name = FoodTrackerTests;
			productName = FoodTrackerTests;
			productReference = 866409C42200A84100EBDCAD /* FoodTrackerTests.xctest */;
			productType = "com.apple.product-type.bundle.unit-test";
		};
/* End PBXNativeTarget section */

/* Begin PBXProject section */
		866409A82200A83F00EBDCAD /* Project object */ = {
			isa = PBXProject;
			attributes = {
				LastSwiftUpdateCheck = 1010;
				LastUpgradeCheck = 1010;
				TargetAttributes = {
					866409AF2200A83F00EBDCAD = {
						CreatedOnToolsVersion = 10.1;
					};
					866409C32200A84100EBDCAD = {
						CreatedOnToolsVersion = 10.1;
						TestTargetID = 866409AF2200A83F00EBDCAD;
					};
				};
			};
			buildConfigurationList = 866409AB2200A83F00EBDCAD /* Build configuration list for PBXProject "FoodTracker" */;
			compatibilityVersion = "Xcode 9.3";
			developmentRegion = en;
			hasScannedForEncodings = 0;
			knownRegions = (
				en,
				Base,
			);
			mainGroup = 866409A72200A83F00EBDCAD;
			productRefGroup = 866409B12200A83F00EBDCAD /* Products */;
			projectDirPath = "";
			projectRoot = "";
			targets = (
				866409AF2200A83F00EBDCAD /* FoodTracker */,
				866409C32200A84100EBDCAD /* FoodTrackerTests */,
			);
		};
/* End PBXProject section */

/* Begin PBXResourcesBuildPhase section */
		866409AE2200A83F00EBDCAD /* Resources */ = {
			isa = PBXResourcesBuildPhase;
			buildActionMask = 2147483647;
			files = (
				866409BE2200A84100EBDCAD /* LaunchScreen.storyboard in Resources */,
				86FD9083221329A500BE0E72 /* Assets.xcassets in Resources */,
				86FD908722132C1200BE0E72 /* MealTableViewController.xib in Resources */,
				866409B92200A83F00EBDCAD /* Main.storyboard in Resources */,
			);
			runOnlyForDeploymentPostprocessing = 0;
		};
		866409C22200A84100EBDCAD /* Resources */ = {
			isa = PBXResourcesBuildPhase;
			buildActionMask = 2147483647;
			files = (
			);
			runOnlyForDeploymentPostprocessing = 0;
		};
/* End PBXResourcesBuildPhase section */

/* Begin PBXSourcesBuildPhase section */
		866409AC2200A83F00EBDCAD /* Sources */ = {
			isa = PBXSourcesBuildPhase;
			buildActionMask = 2147483647;
			files = (
				86A1A24922032A11009DAEF7 /* Meal.swift in Sources */,
				866409B62200A83F00EBDCAD /* MealViewController.swift in Sources */,
				86D935FC2202220300FB2344 /* RatingControl.swift in Sources */,
				866409B42200A83F00EBDCAD /* AppDelegate.swift in Sources */,
				86FD908622132C1200BE0E72 /* MealTableViewController.swift in Sources */,
				86A1A24C22033B60009DAEF7 /* MealTableViewCell.swift in Sources */,
			);
			runOnlyForDeploymentPostprocessing = 0;
		};
		866409C02200A84100EBDCAD /* Sources */ = {
			isa = PBXSourcesBuildPhase;
			buildActionMask = 2147483647;
			files = (
				86A1A24A22032C9A009DAEF7 /* Meal.swift in Sources */,
				866409C92200A84100EBDCAD /* FoodTrackerTests.swift in Sources */,
			);
			runOnlyForDeploymentPostprocessing = 0;
		};
/* End PBXSourcesBuildPhase section */

/* Begin PBXTargetDependency section */
		866409C62200A84100EBDCAD /* PBXTargetDependency */ = {
			isa = PBXTargetDependency;
			target = 866409AF2200A83F00EBDCAD /* FoodTracker */;
			targetProxy = 866409C52200A84100EBDCAD /* PBXContainerItemProxy */;
		};
/* End PBXTargetDependency section */

/* Begin PBXVariantGroup section */
		866409B72200A83F00EBDCAD /* Main.storyboard */ = {
			isa = PBXVariantGroup;
			children = (
				866409B82200A83F00EBDCAD /* Base */,
			);
			name = Main.storyboard;
			sourceTree = "<group>";
		};
		866409BC2200A84100EBDCAD /* LaunchScreen.storyboard */ = {
			isa = PBXVariantGroup;
			children = (
				866409BD2200A84100EBDCAD /* Base */,
			);
			name = LaunchScreen.storyboard;
			sourceTree = "<group>";
		};
/* End PBXVariantGroup section */

/* Begin XCBuildConfiguration section */
		866409CB2200A84100EBDCAD /* Debug */ = {
			isa = XCBuildConfiguration;
			buildSettings = {
				ALWAYS_SEARCH_USER_PATHS = NO;
				CLANG_ANALYZER_NONNULL = YES;
				CLANG_ANALYZER_NUMBER_OBJECT_CONVERSION = YES_AGGRESSIVE;
				CLANG_CXX_LANGUAGE_STANDARD = "gnu++14";
				CLANG_CXX_LIBRARY = "libc++";
				CLANG_ENABLE_MODULES = YES;
				CLANG_ENABLE_OBJC_ARC = YES;
				CLANG_ENABLE_OBJC_WEAK = YES;
				CLANG_WARN_BLOCK_CAPTURE_AUTORELEASING = YES;
				CLANG_WARN_BOOL_CONVERSION = YES;
				CLANG_WARN_COMMA = YES;
				CLANG_WARN_CONSTANT_CONVERSION = YES;
				CLANG_WARN_DEPRECATED_OBJC_IMPLEMENTATIONS = YES;
				CLANG_WARN_DIRECT_OBJC_ISA_USAGE = YES_ERROR;
				CLANG_WARN_DOCUMENTATION_COMMENTS = YES;
				CLANG_WARN_EMPTY_BODY = YES;
				CLANG_WARN_ENUM_CONVERSION = YES;
				CLANG_WARN_INFINITE_RECURSION = YES;
				CLANG_WARN_INT_CONVERSION = YES;
				CLANG_WARN_NON_LITERAL_NULL_CONVERSION = YES;
				CLANG_WARN_OBJC_IMPLICIT_RETAIN_SELF = YES;
				CLANG_WARN_OBJC_LITERAL_CONVERSION = YES;
				CLANG_WARN_OBJC_ROOT_CLASS = YES_ERROR;
				CLANG_WARN_RANGE_LOOP_ANALYSIS = YES;
				CLANG_WARN_STRICT_PROTOTYPES = YES;
				CLANG_WARN_SUSPICIOUS_MOVE = YES;
				CLANG_WARN_UNGUARDED_AVAILABILITY = YES_AGGRESSIVE;
				CLANG_WARN_UNREACHABLE_CODE = YES;
				CLANG_WARN__DUPLICATE_METHOD_MATCH = YES;
				CODE_SIGN_IDENTITY = "iPhone Developer";
				COPY_PHASE_STRIP = NO;
				DEBUG_INFORMATION_FORMAT = dwarf;
				ENABLE_STRICT_OBJC_MSGSEND = YES;
				ENABLE_TESTABILITY = YES;
				GCC_C_LANGUAGE_STANDARD = gnu11;
				GCC_DYNAMIC_NO_PIC = NO;
				GCC_NO_COMMON_BLOCKS = YES;
				GCC_OPTIMIZATION_LEVEL = 0;
				GCC_PREPROCESSOR_DEFINITIONS = (
					"DEBUG=1",
					"$(inherited)",
				);
				GCC_WARN_64_TO_32_BIT_CONVERSION = YES;
				GCC_WARN_ABOUT_RETURN_TYPE = YES_ERROR;
				GCC_WARN_UNDECLARED_SELECTOR = YES;
				GCC_WARN_UNINITIALIZED_AUTOS = YES_AGGRESSIVE;
				GCC_WARN_UNUSED_FUNCTION = YES;
				GCC_WARN_UNUSED_VARIABLE = YES;
				IPHONEOS_DEPLOYMENT_TARGET = 12.1;
				MTL_ENABLE_DEBUG_INFO = INCLUDE_SOURCE;
				MTL_FAST_MATH = YES;
				ONLY_ACTIVE_ARCH = YES;
				SDKROOT = iphoneos;
				SWIFT_ACTIVE_COMPILATION_CONDITIONS = DEBUG;
				SWIFT_OPTIMIZATION_LEVEL = "-Onone";
			};
			name = Debug;
		};
		866409CC2200A84100EBDCAD /* Release */ = {
			isa = XCBuildConfiguration;
			buildSettings = {
				ALWAYS_SEARCH_USER_PATHS = NO;
				CLANG_ANALYZER_NONNULL = YES;
				CLANG_ANALYZER_NUMBER_OBJECT_CONVERSION = YES_AGGRESSIVE;
				CLANG_CXX_LANGUAGE_STANDARD = "gnu++14";
				CLANG_CXX_LIBRARY = "libc++";
				CLANG_ENABLE_MODULES = YES;
				CLANG_ENABLE_OBJC_ARC = YES;
				CLANG_ENABLE_OBJC_WEAK = YES;
				CLANG_WARN_BLOCK_CAPTURE_AUTORELEASING = YES;
				CLANG_WARN_BOOL_CONVERSION = YES;
				CLANG_WARN_COMMA = YES;
				CLANG_WARN_CONSTANT_CONVERSION = YES;
				CLANG_WARN_DEPRECATED_OBJC_IMPLEMENTATIONS = YES;
				CLANG_WARN_DIRECT_OBJC_ISA_USAGE = YES_ERROR;
				CLANG_WARN_DOCUMENTATION_COMMENTS = YES;
				CLANG_WARN_EMPTY_BODY = YES;
				CLANG_WARN_ENUM_CONVERSION = YES;
				CLANG_WARN_INFINITE_RECURSION = YES;
				CLANG_WARN_INT_CONVERSION = YES;
				CLANG_WARN_NON_LITERAL_NULL_CONVERSION = YES;
				CLANG_WARN_OBJC_IMPLICIT_RETAIN_SELF = YES;
				CLANG_WARN_OBJC_LITERAL_CONVERSION = YES;
				CLANG_WARN_OBJC_ROOT_CLASS = YES_ERROR;
				CLANG_WARN_RANGE_LOOP_ANALYSIS = YES;
				CLANG_WARN_STRICT_PROTOTYPES = YES;
				CLANG_WARN_SUSPICIOUS_MOVE = YES;
				CLANG_WARN_UNGUARDED_AVAILABILITY = YES_AGGRESSIVE;
				CLANG_WARN_UNREACHABLE_CODE = YES;
				CLANG_WARN__DUPLICATE_METHOD_MATCH = YES;
				CODE_SIGN_IDENTITY = "iPhone Developer";
				COPY_PHASE_STRIP = NO;
				DEBUG_INFORMATION_FORMAT = "dwarf-with-dsym";
				ENABLE_NS_ASSERTIONS = NO;
				ENABLE_STRICT_OBJC_MSGSEND = YES;
				GCC_C_LANGUAGE_STANDARD = gnu11;
				GCC_NO_COMMON_BLOCKS = YES;
				GCC_WARN_64_TO_32_BIT_CONVERSION = YES;
				GCC_WARN_ABOUT_RETURN_TYPE = YES_ERROR;
				GCC_WARN_UNDECLARED_SELECTOR = YES;
				GCC_WARN_UNINITIALIZED_AUTOS = YES_AGGRESSIVE;
				GCC_WARN_UNUSED_FUNCTION = YES;
				GCC_WARN_UNUSED_VARIABLE = YES;
				IPHONEOS_DEPLOYMENT_TARGET = 12.1;
				MTL_ENABLE_DEBUG_INFO = NO;
				MTL_FAST_MATH = YES;
				SDKROOT = iphoneos;
				SWIFT_COMPILATION_MODE = wholemodule;
				SWIFT_OPTIMIZATION_LEVEL = "-O";
				VALIDATE_PRODUCT = YES;
			};
			name = Release;
		};
		866409CE2200A84100EBDCAD /* Debug */ = {
			isa = XCBuildConfiguration;
			buildSettings = {
				ASSETCATALOG_COMPILER_APPICON_NAME = AppIcon;
				CODE_SIGN_IDENTITY = "iPhone Developer";
				CODE_SIGN_STYLE = Automatic;
				CURRENT_PROJECT_VERSION = 2;
				DEVELOPMENT_TEAM = 9K9XT43LKM;
				INFOPLIST_FILE = FoodTracker/Info.plist;
				LD_RUNPATH_SEARCH_PATHS = (
					"$(inherited)",
					"@executable_path/Frameworks",
				);
				PRODUCT_BUNDLE_IDENTIFIER = com.thdespou.FoodTracker;
				PRODUCT_NAME = "$(TARGET_NAME)";
				PROVISIONING_PROFILE_SPECIFIER = "";
				SWIFT_VERSION = 4.2;
				TARGETED_DEVICE_FAMILY = "1,2";
				VERSIONING_SYSTEM = "apple-generic";
			};
			name = Debug;
		};
		866409CF2200A84100EBDCAD /* Release */ = {
			isa = XCBuildConfiguration;
			buildSettings = {
				ASSETCATALOG_COMPILER_APPICON_NAME = AppIcon;
				CODE_SIGN_IDENTITY = "iPhone Developer";
				CODE_SIGN_STYLE = Automatic;
				CURRENT_PROJECT_VERSION = 2;
				DEVELOPMENT_TEAM = 9K9XT43LKM;
				INFOPLIST_FILE = FoodTracker/Info.plist;
				LD_RUNPATH_SEARCH_PATHS = (
					"$(inherited)",
					"@executable_path/Frameworks",
				);
				PRODUCT_BUNDLE_IDENTIFIER = com.thdespou.FoodTracker;
				PRODUCT_NAME = "$(TARGET_NAME)";
				PROVISIONING_PROFILE_SPECIFIER = "";
				SWIFT_VERSION = 4.2;
				TARGETED_DEVICE_FAMILY = "1,2";
				VERSIONING_SYSTEM = "apple-generic";
			};
			name = Release;
		};
		866409D12200A84100EBDCAD /* Debug */ = {
			isa = XCBuildConfiguration;
			buildSettings = {
				ALWAYS_EMBED_SWIFT_STANDARD_LIBRARIES = YES;
				BUNDLE_LOADER = "$(TEST_HOST)";
				CODE_SIGN_STYLE = Automatic;
				INFOPLIST_FILE = FoodTrackerTests/Info.plist;
				LD_RUNPATH_SEARCH_PATHS = (
					"$(inherited)",
					"@executable_path/Frameworks",
					"@loader_path/Frameworks",
				);
				PRODUCT_BUNDLE_IDENTIFIER = com.example.FoodTrackerTests;
				PRODUCT_NAME = "$(TARGET_NAME)";
				SWIFT_VERSION = 4.2;
				TARGETED_DEVICE_FAMILY = "1,2";
				TEST_HOST = "$(BUILT_PRODUCTS_DIR)/FoodTracker.app/FoodTracker";
			};
			name = Debug;
		};
		866409D22200A84100EBDCAD /* Release */ = {
			isa = XCBuildConfiguration;
			buildSettings = {
				ALWAYS_EMBED_SWIFT_STANDARD_LIBRARIES = YES;
				BUNDLE_LOADER = "$(TEST_HOST)";
				CODE_SIGN_STYLE = Automatic;
				INFOPLIST_FILE = FoodTrackerTests/Info.plist;
				LD_RUNPATH_SEARCH_PATHS = (
					"$(inherited)",
					"@executable_path/Frameworks",
					"@loader_path/Frameworks",
				);
				PRODUCT_BUNDLE_IDENTIFIER = com.example.FoodTrackerTests;
				PRODUCT_NAME = "$(TARGET_NAME)";
				SWIFT_VERSION = 4.2;
				TARGETED_DEVICE_FAMILY = "1,2";
				TEST_HOST = "$(BUILT_PRODUCTS_DIR)/FoodTracker.app/FoodTracker";
			};
			name = Release;
		};
/* End XCBuildConfiguration section */

/* Begin XCConfigurationList section */
		866409AB2200A83F00EBDCAD /* Build configuration list for PBXProject "FoodTracker" */ = {
			isa = XCConfigurationList;
			buildConfigurations = (
				866409CB2200A84100EBDCAD /* Debug */,
				866409CC2200A84100EBDCAD /* Release */,
			);
			defaultConfigurationIsVisible = 0;
			defaultConfigurationName = Release;
		};
		866409CD2200A84100EBDCAD /* Build configuration list for PBXNativeTarget "FoodTracker" */ = {
			isa = XCConfigurationList;
			buildConfigurations = (
				866409CE2200A84100EBDCAD /* Debug */,
				866409CF2200A84100EBDCAD /* Release */,
			);
			defaultConfigurationIsVisible = 0;
			defaultConfigurationName = Release;
		};
		866409D02200A84100EBDCAD /* Build configuration list for PBXNativeTarget "FoodTrackerTests" */ = {
			isa = XCConfigurationList;
			buildConfigurations = (
				866409D12200A84100EBDCAD /* Debug */,
				866409D22200A84100EBDCAD /* Release */,
			);
			defaultConfigurationIsVisible = 0;
			defaultConfigurationName = Release;
		};
/* End XCConfigurationList section */
	};
	rootObject = 866409A82200A83F00EBDCAD /* Project object */;
}
